
Microsoft Visual Studio Solution File, Format Version 12.00
# Visual Studio Version 16
VisualStudioVersion = 16.0.30523.141
MinimumVisualStudioVersion = 10.0.40219.1
Project("{FAE04EC0-301F-11D3-BF4B-00C04F79EFBC}") = "Bodis_Bianca_Lab2", "Bodis_Bianca_Lab2.csproj", "{0215E55E-F599-4999-A2B5-3A8355BA3FA4}"
EndProject
Global
	GlobalSection(SolutionConfigurationPlatforms) = preSolution
		Debug|Any CPU = Debug|Any CPU
		Release|Any CPU = Release|Any CPU
	EndGlobalSection
	GlobalSection(ProjectConfigurationPlatforms) = postSolution
		{0215E55E-F599-4999-A2B5-3A8355BA3FA4}.Debug|Any CPU.ActiveCfg = Debug|Any CPU
		{0215E55E-F599-4999-A2B5-3A8355BA3FA4}.Debug|Any CPU.Build.0 = Debug|Any CPU
		{0215E55E-F599-4999-A2B5-3A8355BA3FA4}.Release|Any CPU.ActiveCfg = Release|Any CPU
		{0215E55E-F599-4999-A2B5-3A8355BA3FA4}.Release|Any CPU.Build.0 = Release|Any CPU
	EndGlobalSection
	GlobalSection(SolutionProperties) = preSolution
		HideSolutionNode = FALSE
	EndGlobalSection
	GlobalSection(ExtensibilityGlobals) = postSolution
		SolutionGuid = {E299E403-2CA6-4054-9227-E852DC7B4B41}
	EndGlobalSection
EndGlobal
